
Microsoft Visual Studio Solution File, Format Version 10.00
# Visual Studio 2008
Project("{8BC9CEB8-8B4A-11D0-8D11-00A0C91BC942}") = "FillrateNomNomNom", "FillrateNomNomNom\FillrateNomNomNom.vcproj", "{899BF2A3-C978-429E-A362-2E8522899721}"
EndProject
Project("{8BC9CEB8-8B4A-11D0-8D11-00A0C91BC942}") = "Churn", "Churn\Churn.vcproj", "{1C9E6EF2-36A5-4533-8176-BD409D2DB536}"
EndProject
Project("{8BC9CEB8-8B4A-11D0-8D11-00A0C91BC942}") = "TimeForBedSaidZebedee", "TimeForBedSaidZebedee\TimeForBedSaidZebedee.vcproj", "{91FF5983-993F-42DC-8C36-E5492519203C}"
EndProject
Project("{8BC9CEB8-8B4A-11D0-8D11-00A0C91BC942}") = "Cubesplosion", "Cubesplosion\Cubesplosion.vcproj", "{2C65F197-1655-4FA3-B058-76A58A85D5B9}"
EndProject
Project("{8BC9CEB8-8B4A-11D0-8D11-00A0C91BC942}") = "DrunkenWorms", "DrunkenWorms\DrunkenWorms.vcproj", "{82688892-A3EF-4EB3-A0FC-0B0BBB89782D}"
EndProject
Project("{8BC9CEB8-8B4A-11D0-8D11-00A0C91BC942}") = "StrawberryFieldsForever", "StrawberryFieldsForever\StrawberryFieldsForever.vcproj", "{310A62D7-6A4F-4DC9-A100-FD5AC505F012}"
EndProject
Project("{8BC9CEB8-8B4A-11D0-8D11-00A0C91BC942}") = "MagicalMysteryTour", "MagicalMysteryTour\MagicalMysteryTour.vcproj", "{1CBD2477-ADB0-4D02-A6E4-CE4BA6EF64E1}"
EndProject
Project("{8BC9CEB8-8B4A-11D0-8D11-00A0C91BC942}") = "OfAFeather", "OfAFeather\OfAFeather.vcproj", "{E3BB7E6E-71CE-444F-9E39-D7AF309751F0}"
EndProject
Project("{8BC9CEB8-8B4A-11D0-8D11-00A0C91BC942}") = "ShinyGloop", "ShinyGloop\ShinyGloop.vcproj", "{571F71B2-9A02-4E7B-BE3F-6C91DF1654B4}"
EndProject
Project("{8BC9CEB8-8B4A-11D0-8D11-00A0C91BC942}") = "Hypertext", "Hypertext\Hypertext.vcproj", "{0AF19709-9C3A-41FF-913D-BFFB48FD34EE}"
EndProject
Project("{8BC9CEB8-8B4A-11D0-8D11-00A0C91BC942}") = "Oculus", "Oculus\Oculus.vcproj", "{B9A7DC90-DDB2-46C3-BF38-23B612DA96BE}"
EndProject
Global
	GlobalSection(SolutionConfigurationPlatforms) = preSolution
		Debug|Win32 = Debug|Win32
		Release|Win32 = Release|Win32
		ScreensaverDebug|Win32 = ScreensaverDebug|Win32
		ScreensaverDebugXP|Win32 = ScreensaverDebugXP|Win32
		ScreensaverRelease|Win32 = ScreensaverRelease|Win32
		ScreensaverReleaseXP|Win32 = ScreensaverReleaseXP|Win32
	EndGlobalSection
	GlobalSection(ProjectConfigurationPlatforms) = postSolution
		{899BF2A3-C978-429E-A362-2E8522899721}.Debug|Win32.ActiveCfg = Debug|Win32
		{899BF2A3-C978-429E-A362-2E8522899721}.Debug|Win32.Build.0 = Debug|Win32
		{899BF2A3-C978-429E-A362-2E8522899721}.Release|Win32.ActiveCfg = Release|Win32
		{899BF2A3-C978-429E-A362-2E8522899721}.Release|Win32.Build.0 = Release|Win32
		{899BF2A3-C978-429E-A362-2E8522899721}.ScreensaverDebug|Win32.ActiveCfg = ScreensaverDebug|Win32
		{899BF2A3-C978-429E-A362-2E8522899721}.ScreensaverDebug|Win32.Build.0 = ScreensaverDebug|Win32
		{899BF2A3-C978-429E-A362-2E8522899721}.ScreensaverDebugXP|Win32.ActiveCfg = ScreensaverDebugXP|Win32
		{899BF2A3-C978-429E-A362-2E8522899721}.ScreensaverDebugXP|Win32.Build.0 = ScreensaverDebugXP|Win32
		{899BF2A3-C978-429E-A362-2E8522899721}.ScreensaverRelease|Win32.ActiveCfg = ScreensaverRelease|Win32
		{899BF2A3-C978-429E-A362-2E8522899721}.ScreensaverRelease|Win32.Build.0 = ScreensaverRelease|Win32
		{899BF2A3-C978-429E-A362-2E8522899721}.ScreensaverReleaseXP|Win32.ActiveCfg = ScreensaverReleaseXP|Win32
		{899BF2A3-C978-429E-A362-2E8522899721}.ScreensaverReleaseXP|Win32.Build.0 = ScreensaverReleaseXP|Win32
		{1C9E6EF2-36A5-4533-8176-BD409D2DB536}.Debug|Win32.ActiveCfg = Debug|Win32
		{1C9E6EF2-36A5-4533-8176-BD409D2DB536}.Debug|Win32.Build.0 = Debug|Win32
		{1C9E6EF2-36A5-4533-8176-BD409D2DB536}.Release|Win32.ActiveCfg = Release|Win32
		{1C9E6EF2-36A5-4533-8176-BD409D2DB536}.Release|Win32.Build.0 = Release|Win32
		{1C9E6EF2-36A5-4533-8176-BD409D2DB536}.ScreensaverDebug|Win32.ActiveCfg = ScreensaverDebug|Win32
		{1C9E6EF2-36A5-4533-8176-BD409D2DB536}.ScreensaverDebug|Win32.Build.0 = ScreensaverDebug|Win32
		{1C9E6EF2-36A5-4533-8176-BD409D2DB536}.ScreensaverDebugXP|Win32.ActiveCfg = ScreensaverDebugXP|Win32
		{1C9E6EF2-36A5-4533-8176-BD409D2DB536}.ScreensaverDebugXP|Win32.Build.0 = ScreensaverDebugXP|Win32
		{1C9E6EF2-36A5-4533-8176-BD409D2DB536}.ScreensaverRelease|Win32.ActiveCfg = ScreensaverRelease|Win32
		{1C9E6EF2-36A5-4533-8176-BD409D2DB536}.ScreensaverRelease|Win32.Build.0 = ScreensaverRelease|Win32
		{1C9E6EF2-36A5-4533-8176-BD409D2DB536}.ScreensaverReleaseXP|Win32.ActiveCfg = ScreensaverReleaseXP|Win32
		{1C9E6EF2-36A5-4533-8176-BD409D2DB536}.ScreensaverReleaseXP|Win32.Build.0 = ScreensaverReleaseXP|Win32
		{91FF5983-993F-42DC-8C36-E5492519203C}.Debug|Win32.ActiveCfg = Debug|Win32
		{91FF5983-993F-42DC-8C36-E5492519203C}.Debug|Win32.Build.0 = Debug|Win32
		{91FF5983-993F-42DC-8C36-E5492519203C}.Release|Win32.ActiveCfg = Release|Win32
		{91FF5983-993F-42DC-8C36-E5492519203C}.Release|Win32.Build.0 = Release|Win32
		{91FF5983-993F-42DC-8C36-E5492519203C}.ScreensaverDebug|Win32.ActiveCfg = ScreensaverDebug|Win32
		{91FF5983-993F-42DC-8C36-E5492519203C}.ScreensaverDebug|Win32.Build.0 = ScreensaverDebug|Win32
		{91FF5983-993F-42DC-8C36-E5492519203C}.ScreensaverDebugXP|Win32.ActiveCfg = ScreensaverDebugXP|Win32
		{91FF5983-993F-42DC-8C36-E5492519203C}.ScreensaverDebugXP|Win32.Build.0 = ScreensaverDebugXP|Win32
		{91FF5983-993F-42DC-8C36-E5492519203C}.ScreensaverRelease|Win32.ActiveCfg = ScreensaverRelease|Win32
		{91FF5983-993F-42DC-8C36-E5492519203C}.ScreensaverRelease|Win32.Build.0 = ScreensaverRelease|Win32
		{91FF5983-993F-42DC-8C36-E5492519203C}.ScreensaverReleaseXP|Win32.ActiveCfg = ScreensaverReleaseXP|Win32
		{91FF5983-993F-42DC-8C36-E5492519203C}.ScreensaverReleaseXP|Win32.Build.0 = ScreensaverReleaseXP|Win32
		{2C65F197-1655-4FA3-B058-76A58A85D5B9}.Debug|Win32.ActiveCfg = Debug|Win32
		{2C65F197-1655-4FA3-B058-76A58A85D5B9}.Debug|Win32.Build.0 = Debug|Win32
		{2C65F197-1655-4FA3-B058-76A58A85D5B9}.Release|Win32.ActiveCfg = Release|Win32
		{2C65F197-1655-4FA3-B058-76A58A85D5B9}.Release|Win32.Build.0 = Release|Win32
		{2C65F197-1655-4FA3-B058-76A58A85D5B9}.ScreensaverDebug|Win32.ActiveCfg = ScreensaverDebug|Win32
		{2C65F197-1655-4FA3-B058-76A58A85D5B9}.ScreensaverDebug|Win32.Build.0 = ScreensaverDebug|Win32
		{2C65F197-1655-4FA3-B058-76A58A85D5B9}.ScreensaverDebugXP|Win32.ActiveCfg = ScreensaverDebugXP|Win32
		{2C65F197-1655-4FA3-B058-76A58A85D5B9}.ScreensaverDebugXP|Win32.Build.0 = ScreensaverDebugXP|Win32
		{2C65F197-1655-4FA3-B058-76A58A85D5B9}.ScreensaverRelease|Win32.ActiveCfg = ScreensaverRelease|Win32
		{2C65F197-1655-4FA3-B058-76A58A85D5B9}.ScreensaverRelease|Win32.Build.0 = ScreensaverRelease|Win32
		{2C65F197-1655-4FA3-B058-76A58A85D5B9}.ScreensaverReleaseXP|Win32.ActiveCfg = ScreensaverReleaseXP|Win32
		{2C65F197-1655-4FA3-B058-76A58A85D5B9}.ScreensaverReleaseXP|Win32.Build.0 = ScreensaverReleaseXP|Win32
		{82688892-A3EF-4EB3-A0FC-0B0BBB89782D}.Debug|Win32.ActiveCfg = Debug|Win32
		{82688892-A3EF-4EB3-A0FC-0B0BBB89782D}.Debug|Win32.Build.0 = Debug|Win32
		{82688892-A3EF-4EB3-A0FC-0B0BBB89782D}.Release|Win32.ActiveCfg = Release|Win32
		{82688892-A3EF-4EB3-A0FC-0B0BBB89782D}.Release|Win32.Build.0 = Release|Win32
		{82688892-A3EF-4EB3-A0FC-0B0BBB89782D}.ScreensaverDebug|Win32.ActiveCfg = ScreensaverDebug|Win32
		{82688892-A3EF-4EB3-A0FC-0B0BBB89782D}.ScreensaverDebug|Win32.Build.0 = ScreensaverDebug|Win32
		{82688892-A3EF-4EB3-A0FC-0B0BBB89782D}.ScreensaverDebugXP|Win32.ActiveCfg = ScreensaverDebugXP|Win32
		{82688892-A3EF-4EB3-A0FC-0B0BBB89782D}.ScreensaverDebugXP|Win32.Build.0 = ScreensaverDebugXP|Win32
		{82688892-A3EF-4EB3-A0FC-0B0BBB89782D}.ScreensaverRelease|Win32.ActiveCfg = ScreensaverRelease|Win32
		{82688892-A3EF-4EB3-A0FC-0B0BBB89782D}.ScreensaverRelease|Win32.Build.0 = ScreensaverRelease|Win32
		{82688892-A3EF-4EB3-A0FC-0B0BBB89782D}.ScreensaverReleaseXP|Win32.ActiveCfg = ScreensaverReleaseXP|Win32
		{82688892-A3EF-4EB3-A0FC-0B0BBB89782D}.ScreensaverReleaseXP|Win32.Build.0 = ScreensaverReleaseXP|Win32
		{310A62D7-6A4F-4DC9-A100-FD5AC505F012}.Debug|Win32.ActiveCfg = Debug|Win32
		{310A62D7-6A4F-4DC9-A100-FD5AC505F012}.Debug|Win32.Build.0 = Debug|Win32
		{310A62D7-6A4F-4DC9-A100-FD5AC505F012}.Release|Win32.ActiveCfg = Release|Win32
		{310A62D7-6A4F-4DC9-A100-FD5AC505F012}.Release|Win32.Build.0 = Release|Win32
		{310A62D7-6A4F-4DC9-A100-FD5AC505F012}.ScreensaverDebug|Win32.ActiveCfg = ScreensaverDebug|Win32
		{310A62D7-6A4F-4DC9-A100-FD5AC505F012}.ScreensaverDebug|Win32.Build.0 = ScreensaverDebug|Win32
		{310A62D7-6A4F-4DC9-A100-FD5AC505F012}.ScreensaverDebugXP|Win32.ActiveCfg = ScreensaverDebugXP|Win32
		{310A62D7-6A4F-4DC9-A100-FD5AC505F012}.ScreensaverDebugXP|Win32.Build.0 = ScreensaverDebugXP|Win32
		{310A62D7-6A4F-4DC9-A100-FD5AC505F012}.ScreensaverRelease|Win32.ActiveCfg = ScreensaverRelease|Win32
		{310A62D7-6A4F-4DC9-A100-FD5AC505F012}.ScreensaverRelease|Win32.Build.0 = ScreensaverRelease|Win32
		{310A62D7-6A4F-4DC9-A100-FD5AC505F012}.ScreensaverReleaseXP|Win32.ActiveCfg = ScreensaverReleaseXP|Win32
		{310A62D7-6A4F-4DC9-A100-FD5AC505F012}.ScreensaverReleaseXP|Win32.Build.0 = ScreensaverReleaseXP|Win32
		{1CBD2477-ADB0-4D02-A6E4-CE4BA6EF64E1}.Debug|Win32.ActiveCfg = Debug|Win32
		{1CBD2477-ADB0-4D02-A6E4-CE4BA6EF64E1}.Debug|Win32.Build.0 = Debug|Win32
		{1CBD2477-ADB0-4D02-A6E4-CE4BA6EF64E1}.Release|Win32.ActiveCfg = Release|Win32
		{1CBD2477-ADB0-4D02-A6E4-CE4BA6EF64E1}.Release|Win32.Build.0 = Release|Win32
		{1CBD2477-ADB0-4D02-A6E4-CE4BA6EF64E1}.ScreensaverDebug|Win32.ActiveCfg = ScreensaverDebug|Win32
		{1CBD2477-ADB0-4D02-A6E4-CE4BA6EF64E1}.ScreensaverDebug|Win32.Build.0 = ScreensaverDebug|Win32
		{1CBD2477-ADB0-4D02-A6E4-CE4BA6EF64E1}.ScreensaverDebugXP|Win32.ActiveCfg = ScreensaverDebugXP|Win32
		{1CBD2477-ADB0-4D02-A6E4-CE4BA6EF64E1}.ScreensaverDebugXP|Win32.Build.0 = ScreensaverDebugXP|Win32
		{1CBD2477-ADB0-4D02-A6E4-CE4BA6EF64E1}.ScreensaverRelease|Win32.ActiveCfg = ScreensaverRelease|Win32
		{1CBD2477-ADB0-4D02-A6E4-CE4BA6EF64E1}.ScreensaverRelease|Win32.Build.0 = ScreensaverRelease|Win32
		{1CBD2477-ADB0-4D02-A6E4-CE4BA6EF64E1}.ScreensaverReleaseXP|Win32.ActiveCfg = ScreensaverReleaseXP|Win32
		{1CBD2477-ADB0-4D02-A6E4-CE4BA6EF64E1}.ScreensaverReleaseXP|Win32.Build.0 = ScreensaverReleaseXP|Win32
		{E3BB7E6E-71CE-444F-9E39-D7AF309751F0}.Debug|Win32.ActiveCfg = Debug|Win32
		{E3BB7E6E-71CE-444F-9E39-D7AF309751F0}.Debug|Win32.Build.0 = Debug|Win32
		{E3BB7E6E-71CE-444F-9E39-D7AF309751F0}.Release|Win32.ActiveCfg = Release|Win32
		{E3BB7E6E-71CE-444F-9E39-D7AF309751F0}.Release|Win32.Build.0 = Release|Win32
		{E3BB7E6E-71CE-444F-9E39-D7AF309751F0}.ScreensaverDebug|Win32.ActiveCfg = ScreensaverDebug|Win32
		{E3BB7E6E-71CE-444F-9E39-D7AF309751F0}.ScreensaverDebug|Win32.Build.0 = ScreensaverDebug|Win32
		{E3BB7E6E-71CE-444F-9E39-D7AF309751F0}.ScreensaverDebugXP|Win32.ActiveCfg = ScreensaverDebugXP|Win32
		{E3BB7E6E-71CE-444F-9E39-D7AF309751F0}.ScreensaverDebugXP|Win32.Build.0 = ScreensaverDebugXP|Win32
		{E3BB7E6E-71CE-444F-9E39-D7AF309751F0}.ScreensaverRelease|Win32.ActiveCfg = ScreensaverRelease|Win32
		{E3BB7E6E-71CE-444F-9E39-D7AF309751F0}.ScreensaverRelease|Win32.Build.0 = ScreensaverRelease|Win32
		{E3BB7E6E-71CE-444F-9E39-D7AF309751F0}.ScreensaverReleaseXP|Win32.ActiveCfg = ScreensaverReleaseXP|Win32
		{E3BB7E6E-71CE-444F-9E39-D7AF309751F0}.ScreensaverReleaseXP|Win32.Build.0 = ScreensaverReleaseXP|Win32
		{571F71B2-9A02-4E7B-BE3F-6C91DF1654B4}.Debug|Win32.ActiveCfg = Debug|Win32
		{571F71B2-9A02-4E7B-BE3F-6C91DF1654B4}.Debug|Win32.Build.0 = Debug|Win32
		{571F71B2-9A02-4E7B-BE3F-6C91DF1654B4}.Release|Win32.ActiveCfg = Release|Win32
		{571F71B2-9A02-4E7B-BE3F-6C91DF1654B4}.Release|Win32.Build.0 = Release|Win32
		{571F71B2-9A02-4E7B-BE3F-6C91DF1654B4}.ScreensaverDebug|Win32.ActiveCfg = ScreensaverDebug|Win32
		{571F71B2-9A02-4E7B-BE3F-6C91DF1654B4}.ScreensaverDebug|Win32.Build.0 = ScreensaverDebug|Win32
		{571F71B2-9A02-4E7B-BE3F-6C91DF1654B4}.ScreensaverDebugXP|Win32.ActiveCfg = ScreensaverDebugXP|Win32
		{571F71B2-9A02-4E7B-BE3F-6C91DF1654B4}.ScreensaverDebugXP|Win32.Build.0 = ScreensaverDebugXP|Win32
		{571F71B2-9A02-4E7B-BE3F-6C91DF1654B4}.ScreensaverRelease|Win32.ActiveCfg = ScreensaverRelease|Win32
		{571F71B2-9A02-4E7B-BE3F-6C91DF1654B4}.ScreensaverRelease|Win32.Build.0 = ScreensaverRelease|Win32
		{571F71B2-9A02-4E7B-BE3F-6C91DF1654B4}.ScreensaverReleaseXP|Win32.ActiveCfg = ScreensaverReleaseXP|Win32
		{571F71B2-9A02-4E7B-BE3F-6C91DF1654B4}.ScreensaverReleaseXP|Win32.Build.0 = ScreensaverReleaseXP|Win32
		{0AF19709-9C3A-41FF-913D-BFFB48FD34EE}.Debug|Win32.ActiveCfg = Debug|Win32
		{0AF19709-9C3A-41FF-913D-BFFB48FD34EE}.Debug|Win32.Build.0 = Debug|Win32
		{0AF19709-9C3A-41FF-913D-BFFB48FD34EE}.Release|Win32.ActiveCfg = Release|Win32
		{0AF19709-9C3A-41FF-913D-BFFB48FD34EE}.Release|Win32.Build.0 = Release|Win32
		{0AF19709-9C3A-41FF-913D-BFFB48FD34EE}.ScreensaverDebug|Win32.ActiveCfg = ScreensaverDebug|Win32
		{0AF19709-9C3A-41FF-913D-BFFB48FD34EE}.ScreensaverDebug|Win32.Build.0 = ScreensaverDebug|Win32
		{0AF19709-9C3A-41FF-913D-BFFB48FD34EE}.ScreensaverDebugXP|Win32.ActiveCfg = ScreensaverDebugXP|Win32
		{0AF19709-9C3A-41FF-913D-BFFB48FD34EE}.ScreensaverDebugXP|Win32.Build.0 = ScreensaverDebugXP|Win32
		{0AF19709-9C3A-41FF-913D-BFFB48FD34EE}.ScreensaverRelease|Win32.ActiveCfg = ScreensaverRelease|Win32
		{0AF19709-9C3A-41FF-913D-BFFB48FD34EE}.ScreensaverRelease|Win32.Build.0 = ScreensaverRelease|Win32
		{0AF19709-9C3A-41FF-913D-BFFB48FD34EE}.ScreensaverReleaseXP|Win32.ActiveCfg = ScreensaverReleaseXP|Win32
		{0AF19709-9C3A-41FF-913D-BFFB48FD34EE}.ScreensaverReleaseXP|Win32.Build.0 = ScreensaverReleaseXP|Win32
		{B9A7DC90-DDB2-46C3-BF38-23B612DA96BE}.Debug|Win32.ActiveCfg = Debug|Win32
		{B9A7DC90-DDB2-46C3-BF38-23B612DA96BE}.Debug|Win32.Build.0 = Debug|Win32
		{B9A7DC90-DDB2-46C3-BF38-23B612DA96BE}.Release|Win32.ActiveCfg = Release|Win32
		{B9A7DC90-DDB2-46C3-BF38-23B612DA96BE}.Release|Win32.Build.0 = Release|Win32
		{B9A7DC90-DDB2-46C3-BF38-23B612DA96BE}.ScreensaverDebug|Win32.ActiveCfg = ScreensaverDebug|Win32
		{B9A7DC90-DDB2-46C3-BF38-23B612DA96BE}.ScreensaverDebug|Win32.Build.0 = ScreensaverDebug|Win32
		{B9A7DC90-DDB2-46C3-BF38-23B612DA96BE}.ScreensaverDebugXP|Win32.ActiveCfg = ScreensaverDebugXP|Win32
		{B9A7DC90-DDB2-46C3-BF38-23B612DA96BE}.ScreensaverDebugXP|Win32.Build.0 = ScreensaverDebugXP|Win32
		{B9A7DC90-DDB2-46C3-BF38-23B612DA96BE}.ScreensaverRelease|Win32.ActiveCfg = ScreensaverRelease|Win32
		{B9A7DC90-DDB2-46C3-BF38-23B612DA96BE}.ScreensaverRelease|Win32.Build.0 = ScreensaverRelease|Win32
		{B9A7DC90-DDB2-46C3-BF38-23B612DA96BE}.ScreensaverReleaseXP|Win32.ActiveCfg = ScreensaverReleaseXP|Win32
		{B9A7DC90-DDB2-46C3-BF38-23B612DA96BE}.ScreensaverReleaseXP|Win32.Build.0 = ScreensaverReleaseXP|Win32
	EndGlobalSection
	GlobalSection(SolutionProperties) = preSolution
		HideSolutionNode = FALSE
	EndGlobalSection
EndGlobal
